
Microsoft Visual Studio Solution File, Format Version 12.00
# Visual Studio Version 17
VisualStudioVersion = 17.0.32126.317
MinimumVisualStudioVersion = 10.0.40219.1
Project("{FAE04EC0-301F-11D3-BF4B-00C04F79EFBC}") = "TaskMaster", "TaskMaster\TaskMaster.csproj", "{07763F57-EBBC-45F3-A2D8-957764070A76}"
EndProject
Global
	GlobalSection(SolutionConfigurationPlatforms) = preSolution
		Debug|Any CPU = Debug|Any CPU
		Release|Any CPU = Release|Any CPU
	EndGlobalSection
	GlobalSection(ProjectConfigurationPlatforms) = postSolution
		{07763F57-EBBC-45F3-A2D8-957764070A76}.Debug|Any CPU.ActiveCfg = Debug|Any CPU
		{07763F57-EBBC-45F3-A2D8-957764070A76}.Debug|Any CPU.Build.0 = Debug|Any CPU
		{07763F57-EBBC-45F3-A2D8-957764070A76}.Release|Any CPU.ActiveCfg = Release|Any CPU
		{07763F57-EBBC-45F3-A2D8-957764070A76}.Release|Any CPU.Build.0 = Release|Any CPU
	EndGlobalSection
	GlobalSection(SolutionProperties) = preSolution
		HideSolutionNode = FALSE
	EndGlobalSection
	GlobalSection(ExtensibilityGlobals) = postSolution
		SolutionGuid = {890B49B8-E289-42BE-8DE4-09D244BEF01C}
	EndGlobalSection
EndGlobal
